
Microsoft Visual Studio Solution File, Format Version 12.00
# Visual Studio Version 17
VisualStudioVersion = 17.8.34330.188
MinimumVisualStudioVersion = 10.0.40219.1
Project("{FAE04EC0-301F-11D3-BF4B-00C04F79EFBC}") = "RPI_Project", "RPI_Project\RPI_Project.csproj", "{2D0EA6D4-C1F0-46C6-96C2-6C12B0334518}"
EndProject
Global
	GlobalSection(SolutionConfigurationPlatforms) = preSolution
		Debug|Any CPU = Debug|Any CPU
		Release|Any CPU = Release|Any CPU
	EndGlobalSection
	GlobalSection(ProjectConfigurationPlatforms) = postSolution
		{2D0EA6D4-C1F0-46C6-96C2-6C12B0334518}.Debug|Any CPU.ActiveCfg = Debug|Any CPU
		{2D0EA6D4-C1F0-46C6-96C2-6C12B0334518}.Debug|Any CPU.Build.0 = Debug|Any CPU
		{2D0EA6D4-C1F0-46C6-96C2-6C12B0334518}.Release|Any CPU.ActiveCfg = Release|Any CPU
		{2D0EA6D4-C1F0-46C6-96C2-6C12B0334518}.Release|Any CPU.Build.0 = Release|Any CPU
	EndGlobalSection
	GlobalSection(SolutionProperties) = preSolution
		HideSolutionNode = FALSE
	EndGlobalSection
	GlobalSection(ExtensibilityGlobals) = postSolution
		SolutionGuid = {02E77FBE-5895-49CE-8F80-4C76DA9B595F}
	EndGlobalSection
EndGlobal
